
Microsoft Visual Studio Solution File, Format Version 12.00
# Visual Studio Version 17
VisualStudioVersion = 17.4.33213.308
MinimumVisualStudioVersion = 10.0.40219.1
Project("{FAE04EC0-301F-11D3-BF4B-00C04F79EFBC}") = "Acd", "Acd.csproj", "{3D79B903-7382-4111-BADA-4734D0D7BB4D}"
EndProject
Global
	GlobalSection(SolutionConfigurationPlatforms) = preSolution
		Debug|Any CPU = Debug|Any CPU
		Release|Any CPU = Release|Any CPU
	EndGlobalSection
	GlobalSection(ProjectConfigurationPlatforms) = postSolution
		{3D79B903-7382-4111-BADA-4734D0D7BB4D}.Debug|Any CPU.ActiveCfg = Debug|Any CPU
		{3D79B903-7382-4111-BADA-4734D0D7BB4D}.Debug|Any CPU.Build.0 = Debug|Any CPU
		{3D79B903-7382-4111-BADA-4734D0D7BB4D}.Release|Any CPU.ActiveCfg = Release|Any CPU
		{3D79B903-7382-4111-BADA-4734D0D7BB4D}.Release|Any CPU.Build.0 = Release|Any CPU
	EndGlobalSection
	GlobalSection(SolutionProperties) = preSolution
		HideSolutionNode = FALSE
	EndGlobalSection
	GlobalSection(ExtensibilityGlobals) = postSolution
		SolutionGuid = {5ED65B73-811E-481B-AE2A-58EB5292B3BD}
	EndGlobalSection
EndGlobal
